
Microsoft Visual Studio Solution File, Format Version 12.00
# Visual Studio 15
VisualStudioVersion = 15.0.26730.12
MinimumVisualStudioVersion = 10.0.40219.1
Project("{FAE04EC0-301F-11D3-BF4B-00C04F79EFBC}") = "TestPlotly", "TestPlotly\TestPlotly.csproj", "{364A9318-6848-466F-884C-788BC4EFEC81}"
EndProject
Project("{FAE04EC0-301F-11D3-BF4B-00C04F79EFBC}") = "TestSpatial", "TestSpatial\TestSpatial.csproj", "{2FA66180-544C-40E9-A363-B9DDB38220E1}"
EndProject
Project("{9A19103F-16F7-4668-BE54-9A1E7A4F7556}") = "GeoApis", "GeoApis\GeoApis.csproj", "{7369F5BD-790F-4595-A42A-75860CC87A10}"
EndProject
Project("{FAE04EC0-301F-11D3-BF4B-00C04F79EFBC}") = "HtmlAgilityPack", "HtmlAgilityPack\HtmlAgilityPack.csproj", "{64C52AED-1897-438A-B3F9-60B9531B9B8E}"
EndProject
Project("{D954291E-2A0B-460D-934E-DC6B0785DB48}") = "HtmlAgilityPack.Shared", "HtmlAgilityPack.Shared\HtmlAgilityPack.Shared.shproj", "{5BA9A0D7-173F-4C4F-AFFA-3DD6DC2F9A79}"
EndProject
Global
	GlobalSection(SharedMSBuildProjectFiles) = preSolution
		HtmlAgilityPack.Shared\HtmlAgilityPack.Shared.projitems*{5ba9a0d7-173f-4c4f-affa-3dd6dc2f9a79}*SharedItemsImports = 13
	EndGlobalSection
	GlobalSection(SolutionConfigurationPlatforms) = preSolution
		Debug|Any CPU = Debug|Any CPU
		Release|Any CPU = Release|Any CPU
	EndGlobalSection
	GlobalSection(ProjectConfigurationPlatforms) = postSolution
		{364A9318-6848-466F-884C-788BC4EFEC81}.Debug|Any CPU.ActiveCfg = Debug|Any CPU
		{364A9318-6848-466F-884C-788BC4EFEC81}.Debug|Any CPU.Build.0 = Debug|Any CPU
		{364A9318-6848-466F-884C-788BC4EFEC81}.Release|Any CPU.ActiveCfg = Release|Any CPU
		{364A9318-6848-466F-884C-788BC4EFEC81}.Release|Any CPU.Build.0 = Release|Any CPU
		{2FA66180-544C-40E9-A363-B9DDB38220E1}.Debug|Any CPU.ActiveCfg = Debug|Any CPU
		{2FA66180-544C-40E9-A363-B9DDB38220E1}.Debug|Any CPU.Build.0 = Debug|Any CPU
		{2FA66180-544C-40E9-A363-B9DDB38220E1}.Release|Any CPU.ActiveCfg = Release|Any CPU
		{2FA66180-544C-40E9-A363-B9DDB38220E1}.Release|Any CPU.Build.0 = Release|Any CPU
		{7369F5BD-790F-4595-A42A-75860CC87A10}.Debug|Any CPU.ActiveCfg = Debug|Any CPU
		{7369F5BD-790F-4595-A42A-75860CC87A10}.Debug|Any CPU.Build.0 = Debug|Any CPU
		{7369F5BD-790F-4595-A42A-75860CC87A10}.Release|Any CPU.ActiveCfg = Release|Any CPU
		{7369F5BD-790F-4595-A42A-75860CC87A10}.Release|Any CPU.Build.0 = Release|Any CPU
		{64C52AED-1897-438A-B3F9-60B9531B9B8E}.Debug|Any CPU.ActiveCfg = Debug|Any CPU
		{64C52AED-1897-438A-B3F9-60B9531B9B8E}.Debug|Any CPU.Build.0 = Debug|Any CPU
		{64C52AED-1897-438A-B3F9-60B9531B9B8E}.Release|Any CPU.ActiveCfg = Release|Any CPU
		{64C52AED-1897-438A-B3F9-60B9531B9B8E}.Release|Any CPU.Build.0 = Release|Any CPU
	EndGlobalSection
	GlobalSection(SolutionProperties) = preSolution
		HideSolutionNode = FALSE
	EndGlobalSection
	GlobalSection(ExtensibilityGlobals) = postSolution
		SolutionGuid = {64A253FD-BED6-4646-9755-E4880D6AFE7B}
	EndGlobalSection
EndGlobal
